
Microsoft Visual Studio Solution File, Format Version 12.00
# Visual Studio 15
Project("{FAE04EC0-301F-11D3-BF4B-00C04F79EFBC}") = "A99_GitTeste", "A99_GitTeste\A99_GitTeste.csproj", "{74AA5BE5-4D63-4218-AEDE-DD0A5D76ABF6}"
EndProject
Global
	GlobalSection(SolutionConfigurationPlatforms) = preSolution
		Debug|Any CPU = Debug|Any CPU
		Release|Any CPU = Release|Any CPU
	EndGlobalSection
	GlobalSection(ProjectConfigurationPlatforms) = postSolution
		{74AA5BE5-4D63-4218-AEDE-DD0A5D76ABF6}.Debug|Any CPU.ActiveCfg = Debug|Any CPU
		{74AA5BE5-4D63-4218-AEDE-DD0A5D76ABF6}.Debug|Any CPU.Build.0 = Debug|Any CPU
		{74AA5BE5-4D63-4218-AEDE-DD0A5D76ABF6}.Release|Any CPU.ActiveCfg = Release|Any CPU
		{74AA5BE5-4D63-4218-AEDE-DD0A5D76ABF6}.Release|Any CPU.Build.0 = Release|Any CPU
	EndGlobalSection
EndGlobal
